
Microsoft Visual Studio Solution File, Format Version 12.00
# Visual Studio Version 17
VisualStudioVersion = 17.8.34511.84
MinimumVisualStudioVersion = 10.0.40219.1
Project("{FAE04EC0-301F-11D3-BF4B-00C04F79EFBC}") = "Ejemplo archivos de texto", "Ejemplo archivos de texto.csproj", "{80080F8C-9EA6-48E2-82C6-B51A276A77EC}"
EndProject
Global
	GlobalSection(SolutionConfigurationPlatforms) = preSolution
		Debug|Any CPU = Debug|Any CPU
		Release|Any CPU = Release|Any CPU
	EndGlobalSection
	GlobalSection(ProjectConfigurationPlatforms) = postSolution
		{80080F8C-9EA6-48E2-82C6-B51A276A77EC}.Debug|Any CPU.ActiveCfg = Debug|Any CPU
		{80080F8C-9EA6-48E2-82C6-B51A276A77EC}.Debug|Any CPU.Build.0 = Debug|Any CPU
		{80080F8C-9EA6-48E2-82C6-B51A276A77EC}.Release|Any CPU.ActiveCfg = Release|Any CPU
		{80080F8C-9EA6-48E2-82C6-B51A276A77EC}.Release|Any CPU.Build.0 = Release|Any CPU
	EndGlobalSection
	GlobalSection(SolutionProperties) = preSolution
		HideSolutionNode = FALSE
	EndGlobalSection
	GlobalSection(ExtensibilityGlobals) = postSolution
		SolutionGuid = {E800129F-3579-497E-82E6-BDADC8ADDAD5}
	EndGlobalSection
EndGlobal
